// !$*UTF8*$!
{
	archiveVersion = 1;
	classes = {
	};
	objectVersion = 46;
	objects = {

/* Begin PBXBuildFile section */
		1DDD58160DA1D0A300B32029 /* MainMenu.xib in Resources */ = {isa = PBXBuildFile; fileRef = 1DDD58140DA1D0A300B32029 /* MainMenu.xib */; };
		256AC3DA0F4B6AC300CF3369 /* TwoTermAppDelegate.mm in Sources */ = {isa = PBXBuildFile; fileRef = 256AC3D90F4B6AC300CF3369 /* TwoTermAppDelegate.mm */; };
		8D11072B0486CEB800E47090 /* InfoPlist.strings in Resources */ = {isa = PBXBuildFile; fileRef = 089C165CFE840E0CC02AAC07 /* InfoPlist.strings */; };
		8D11072D0486CEB800E47090 /* main.m in Sources */ = {isa = PBXBuildFile; fileRef = 29B97316FDCFA39411CA2CEA /* main.m */; settings = {ATTRIBUTES = (); }; };
		8D11072F0486CEB800E47090 /* Cocoa.framework in Frameworks */ = {isa = PBXBuildFile; fileRef = 1058C7A1FEA54F0111CA2CBB /* Cocoa.framework */; };
		B60EBD1211E8DEEF00C1974F /* QuartzCore.framework in Frameworks */ = {isa = PBXBuildFile; fileRef = B60EBD1111E8DEEF00C1974F /* QuartzCore.framework */; };
		B60EBDE311E90FC300C1974F /* ScanLineFilter.m in Sources */ = {isa = PBXBuildFile; fileRef = B60EBDE211E90FC300C1974F /* ScanLineFilter.m */; };
		B60EBE2B11E918D500C1974F /* ScanLineFilter.cikernel in Resources */ = {isa = PBXBuildFile; fileRef = B60EBDE711E9143F00C1974F /* ScanLineFilter.cikernel */; };
		B612870E1480B4F6002E04DF /* TermContentView.m in Sources */ = {isa = PBXBuildFile; fileRef = B612870D1480B4F6002E04DF /* TermContentView.m */; };
		B612F45012DD5DAD005D1B77 /* iGeometry.cpp in Sources */ = {isa = PBXBuildFile; fileRef = B612F44712DD5DAD005D1B77 /* iGeometry.cpp */; };
		B612F45112DD5DAD005D1B77 /* Lock.cpp in Sources */ = {isa = PBXBuildFile; fileRef = B612F44912DD5DAD005D1B77 /* Lock.cpp */; };
		B612F45212DD5DAD005D1B77 /* OutputChannel.cpp in Sources */ = {isa = PBXBuildFile; fileRef = B612F44B12DD5DAD005D1B77 /* OutputChannel.cpp */; };
		B612F45312DD5DAD005D1B77 /* Screen.cpp in Sources */ = {isa = PBXBuildFile; fileRef = B612F44D12DD5DAD005D1B77 /* Screen.cpp */; };
		B612F46412DD5DF1005D1B77 /* Apple80.mm in Sources */ = {isa = PBXBuildFile; fileRef = B612F45712DD5DF1005D1B77 /* Apple80.mm */; };
		B612F46512DD5DF1005D1B77 /* EmulatorManager.mm in Sources */ = {isa = PBXBuildFile; fileRef = B612F45912DD5DF1005D1B77 /* EmulatorManager.mm */; };
		B612F46612DD5DF1005D1B77 /* GNOConsole.mm in Sources */ = {isa = PBXBuildFile; fileRef = B612F45B12DD5DF1005D1B77 /* GNOConsole.mm */; };
		B612F46712DD5DF1005D1B77 /* PTSE.mm in Sources */ = {isa = PBXBuildFile; fileRef = B612F45D12DD5DF1005D1B77 /* PTSE.mm */; };
		B612F46812DD5DF1005D1B77 /* VT05.mm in Sources */ = {isa = PBXBuildFile; fileRef = B612F45F12DD5DF1005D1B77 /* VT05.mm */; };
		B612F46912DD5DF1005D1B77 /* VT100.mm in Sources */ = {isa = PBXBuildFile; fileRef = B612F46112DD5DF1005D1B77 /* VT100.mm */; };
		B612F46A12DD5DF1005D1B77 /* VT52.mm in Sources */ = {isa = PBXBuildFile; fileRef = B612F46312DD5DF1005D1B77 /* VT52.mm */; };
		B612F47012DD5E02005D1B77 /* CurveView.m in Sources */ = {isa = PBXBuildFile; fileRef = B612F46D12DD5E02005D1B77 /* CurveView.m */; };
		B612F47112DD5E02005D1B77 /* EmulatorView.mm in Sources */ = {isa = PBXBuildFile; fileRef = B612F46F12DD5E02005D1B77 /* EmulatorView.mm */; };
		B612F47412DDEBA9005D1B77 /* Screen_obsolete.cpp in Sources */ = {isa = PBXBuildFile; fileRef = B612F47212DDEBA9005D1B77 /* Screen_obsolete.cpp */; };
		B612F47512DDEBA9005D1B77 /* Screen_TextPort.cpp in Sources */ = {isa = PBXBuildFile; fileRef = B612F47312DDEBA9005D1B77 /* Screen_TextPort.cpp */; };
		B61D0D60125B7ACA001C713B /* NewTerminalWindowController.mm in Sources */ = {isa = PBXBuildFile; fileRef = B61D0D5F125B7ACA001C713B /* NewTerminalWindowController.mm */; };
		B61D0D69125B8E06001C713B /* Defaults.m in Sources */ = {isa = PBXBuildFile; fileRef = B61D0D68125B8E06001C713B /* Defaults.m */; };
		B61EF7C51481561E008C1891 /* titlebar-corner.png in Resources */ = {isa = PBXBuildFile; fileRef = B61EF7C31481561E008C1891 /* titlebar-corner.png */; };
		B61EF7C61481561E008C1891 /* titlebar-middle.png in Resources */ = {isa = PBXBuildFile; fileRef = B61EF7C41481561E008C1891 /* titlebar-middle.png */; };
		B61EF7C914815AF8008C1891 /* NewTerminal.xib in Resources */ = {isa = PBXBuildFile; fileRef = B61EF7C714815AF8008C1891 /* NewTerminal.xib */; };
		B61EF7CC14815E07008C1891 /* TitleBarView.m in Sources */ = {isa = PBXBuildFile; fileRef = B61EF7CB14815E07008C1891 /* TitleBarView.m */; };
		B61EF7CF148163E7008C1891 /* TitleBarView.xib in Resources */ = {isa = PBXBuildFile; fileRef = B61EF7CD148163E7008C1891 /* TitleBarView.xib */; };
		B61EF7D71482FB6D008C1891 /* titlebar-center.png in Resources */ = {isa = PBXBuildFile; fileRef = B61EF7D41482FB6D008C1891 /* titlebar-center.png */; };
		B61EF7D81482FB6D008C1891 /* titlebar-left.png in Resources */ = {isa = PBXBuildFile; fileRef = B61EF7D51482FB6D008C1891 /* titlebar-left.png */; };
		B61EF7D91482FB6D008C1891 /* titlebar-right.png in Resources */ = {isa = PBXBuildFile; fileRef = B61EF7D61482FB6D008C1891 /* titlebar-right.png */; };
		B638188214A179D60027D007 /* ColorView.m in Sources */ = {isa = PBXBuildFile; fileRef = B638188114A179D60027D007 /* ColorView.m */; };
		B66412391480A070003BC8D3 /* EmulatorWindow.m in Sources */ = {isa = PBXBuildFile; fileRef = B66412381480A070003BC8D3 /* EmulatorWindow.m */; };
		B676063B11DEAD3500D6B66C /* TermWindowController.mm in Sources */ = {isa = PBXBuildFile; fileRef = B676063A11DEAD3500D6B66C /* TermWindowController.mm */; };
		B676065111DEBAE900D6B66C /* TermWindow.xib in Resources */ = {isa = PBXBuildFile; fileRef = B676065011DEBAE900D6B66C /* TermWindow.xib */; };
		B67B3CE512B6FA040033AE07 /* a2-charset-40.png in Resources */ = {isa = PBXBuildFile; fileRef = B67B3CE312B6FA040033AE07 /* a2-charset-40.png */; };
		B67B3CE612B6FA040033AE07 /* a2-charset-80.png in Resources */ = {isa = PBXBuildFile; fileRef = B67B3CE412B6FA040033AE07 /* a2-charset-80.png */; };
		B6801BD912EB549300B22E9E /* vt100-charset.png in Resources */ = {isa = PBXBuildFile; fileRef = B6801BD812EB549300B22E9E /* vt100-charset.png */; };
		B68E632A12FF909D00EAFF5F /* ExampleView.m in Sources */ = {isa = PBXBuildFile; fileRef = B68E632912FF909C00EAFF5F /* ExampleView.m */; };
		B6C173921D31D2B80024E360 /* GSOSConsole.mm.ragel in Sources */ = {isa = PBXBuildFile; fileRef = B6C173911D31D2B80024E360 /* GSOSConsole.mm.ragel */; };
		B6C704EF15CCC64100CC0401 /* titlebar-center@2x.png in Resources */ = {isa = PBXBuildFile; fileRef = B6C704EC15CCC64100CC0401 /* titlebar-center@2x.png */; };
		B6C704F015CCC64100CC0401 /* titlebar-left@2x.png in Resources */ = {isa = PBXBuildFile; fileRef = B6C704ED15CCC64100CC0401 /* titlebar-left@2x.png */; };
		B6C704F115CCC64100CC0401 /* titlebar-right@2x.png in Resources */ = {isa = PBXBuildFile; fileRef = B6C704EE15CCC64100CC0401 /* titlebar-right@2x.png */; };
		B6EBE2B511E0EA9100EA0458 /* CharacterGenerator.mm in Sources */ = {isa = PBXBuildFile; fileRef = B6EBE2B411E0EA9100EA0458 /* CharacterGenerator.mm */; };
		B6ECFF271D2EEA2B00871A81 /* TextLabel.m in Sources */ = {isa = PBXBuildFile; fileRef = B6ECFF261D2EEA2B00871A81 /* TextLabel.m */; };
/* End PBXBuildFile section */

/* Begin PBXBuildRule section */
		B60EBE2311E9182E00C1974F /* PBXBuildRule */ = {
			isa = PBXBuildRule;
			compilerSpec = "com.apple.build-tasks.copy-strings-file";
			fileType = sourcecode.glsl;
			isEditable = 1;
			outputFiles = (
			);
		};
		B6C173931D32A8840024E360 /* PBXBuildRule */ = {
			isa = PBXBuildRule;
			compilerSpec = com.apple.compilers.proxy.script;
			filePatterns = "*.mm.ragel";
			fileType = pattern.proxy;
			isEditable = 1;
			outputFiles = (
				"$(DERIVED_SOURCES_DIR)/$(INPUT_FILE_BASE)",
			);
			script = "ragel -G1 -o \"$DERIVED_SOURCES_DIR/$INPUT_FILE_BASE\" \"$INPUT_FILE_DIR/$INPUT_FILE_NAME\"";
		};
/* End PBXBuildRule section */

/* Begin PBXCopyFilesBuildPhase section */
		B61D0D57125B728D001C713B /* CopyFiles */ = {
			isa = PBXCopyFilesBuildPhase;
			buildActionMask = 2147483647;
			dstPath = "";
			dstSubfolderSpec = 7;
			files = (
			);
			runOnlyForDeploymentPostprocessing = 0;
		};
/* End PBXCopyFilesBuildPhase section */

/* Begin PBXFileReference section */
		089C165DFE840E0CC02AAC07 /* English */ = {isa = PBXFileReference; fileEncoding = 4; lastKnownFileType = text.plist.strings; name = English; path = English.lproj/InfoPlist.strings; sourceTree = "<group>"; };
		1058C7A1FEA54F0111CA2CBB /* Cocoa.framework */ = {isa = PBXFileReference; lastKnownFileType = wrapper.framework; name = Cocoa.framework; path = /System/Library/Frameworks/Cocoa.framework; sourceTree = "<absolute>"; };
		13E42FB307B3F0F600E4EEF1 /* CoreData.framework */ = {isa = PBXFileReference; lastKnownFileType = wrapper.framework; name = CoreData.framework; path = /System/Library/Frameworks/CoreData.framework; sourceTree = "<absolute>"; };
		1DDD58150DA1D0A300B32029 /* English */ = {isa = PBXFileReference; lastKnownFileType = file.xib; name = English; path = English.lproj/MainMenu.xib; sourceTree = "<group>"; };
		256AC3D80F4B6AC300CF3369 /* TwoTermAppDelegate.h */ = {isa = PBXFileReference; fileEncoding = 4; lastKnownFileType = sourcecode.c.h; path = TwoTermAppDelegate.h; sourceTree = "<group>"; };
		256AC3D90F4B6AC300CF3369 /* TwoTermAppDelegate.mm */ = {isa = PBXFileReference; fileEncoding = 4; lastKnownFileType = sourcecode.cpp.objcpp; path = TwoTermAppDelegate.mm; sourceTree = "<group>"; };
		256AC3F00F4B6AF500CF3369 /* TwoTerm_Prefix.pch */ = {isa = PBXFileReference; fileEncoding = 4; lastKnownFileType = sourcecode.c.h; path = TwoTerm_Prefix.pch; sourceTree = "<group>"; };
		29B97316FDCFA39411CA2CEA /* main.m */ = {isa = PBXFileReference; fileEncoding = 4; lastKnownFileType = sourcecode.c.objc; path = main.m; sourceTree = "<group>"; };
		29B97324FDCFA39411CA2CEA /* AppKit.framework */ = {isa = PBXFileReference; lastKnownFileType = wrapper.framework; name = AppKit.framework; path = /System/Library/Frameworks/AppKit.framework; sourceTree = "<absolute>"; };
		29B97325FDCFA39411CA2CEA /* Foundation.framework */ = {isa = PBXFileReference; lastKnownFileType = wrapper.framework; name = Foundation.framework; path = /System/Library/Frameworks/Foundation.framework; sourceTree = "<absolute>"; };
		8D1107310486CEB800E47090 /* Info.plist */ = {isa = PBXFileReference; fileEncoding = 4; lastKnownFileType = text.plist.xml; path = Info.plist; sourceTree = "<group>"; };
		8D1107320486CEB800E47090 /* TwoTerm.app */ = {isa = PBXFileReference; explicitFileType = wrapper.application; includeInIndex = 0; path = TwoTerm.app; sourceTree = BUILT_PRODUCTS_DIR; };
		B60EBD1111E8DEEF00C1974F /* QuartzCore.framework */ = {isa = PBXFileReference; lastKnownFileType = wrapper.framework; name = QuartzCore.framework; path = /System/Library/Frameworks/QuartzCore.framework; sourceTree = "<absolute>"; };
		B60EBDE111E90FC300C1974F /* ScanLineFilter.h */ = {isa = PBXFileReference; fileEncoding = 4; lastKnownFileType = sourcecode.c.h; path = ScanLineFilter.h; sourceTree = "<group>"; };
		B60EBDE211E90FC300C1974F /* ScanLineFilter.m */ = {isa = PBXFileReference; fileEncoding = 4; lastKnownFileType = sourcecode.c.objc; path = ScanLineFilter.m; sourceTree = "<group>"; };
		B60EBDE711E9143F00C1974F /* ScanLineFilter.cikernel */ = {isa = PBXFileReference; fileEncoding = 4; lastKnownFileType = sourcecode.glsl; path = ScanLineFilter.cikernel; sourceTree = "<group>"; };
		B612870C1480B4F6002E04DF /* TermContentView.h */ = {isa = PBXFileReference; fileEncoding = 4; lastKnownFileType = sourcecode.c.h; path = TermContentView.h; sourceTree = "<group>"; };
		B612870D1480B4F6002E04DF /* TermContentView.m */ = {isa = PBXFileReference; fileEncoding = 4; lastKnownFileType = sourcecode.c.objc; path = TermContentView.m; sourceTree = "<group>"; };
		B612F44712DD5DAD005D1B77 /* iGeometry.cpp */ = {isa = PBXFileReference; fileEncoding = 4; lastKnownFileType = sourcecode.cpp.cpp; path = iGeometry.cpp; sourceTree = "<group>"; };
		B612F44812DD5DAD005D1B77 /* iGeometry.h */ = {isa = PBXFileReference; fileEncoding = 4; lastKnownFileType = sourcecode.c.h; path = iGeometry.h; sourceTree = "<group>"; };
		B612F44912DD5DAD005D1B77 /* Lock.cpp */ = {isa = PBXFileReference; fileEncoding = 4; lastKnownFileType = sourcecode.cpp.cpp; path = Lock.cpp; sourceTree = "<group>"; };
		B612F44A12DD5DAD005D1B77 /* Lock.h */ = {isa = PBXFileReference; fileEncoding = 4; lastKnownFileType = sourcecode.c.h; path = Lock.h; sourceTree = "<group>"; };
		B612F44B12DD5DAD005D1B77 /* OutputChannel.cpp */ = {isa = PBXFileReference; fileEncoding = 4; lastKnownFileType = sourcecode.cpp.cpp; path = OutputChannel.cpp; sourceTree = "<group>"; };
		B612F44C12DD5DAD005D1B77 /* OutputChannel.h */ = {isa = PBXFileReference; fileEncoding = 4; lastKnownFileType = sourcecode.c.h; path = OutputChannel.h; sourceTree = "<group>"; };
		B612F44D12DD5DAD005D1B77 /* Screen.cpp */ = {isa = PBXFileReference; fileEncoding = 4; lastKnownFileType = sourcecode.cpp.cpp; path = Screen.cpp; sourceTree = "<group>"; };
		B612F44E12DD5DAD005D1B77 /* Screen.h */ = {isa = PBXFileReference; fileEncoding = 4; lastKnownFileType = sourcecode.c.h; path = Screen.h; sourceTree = "<group>"; };
		B612F45612DD5DF1005D1B77 /* Apple80.h */ = {isa = PBXFileReference; fileEncoding = 4; lastKnownFileType = sourcecode.c.h; path = Apple80.h; sourceTree = "<group>"; };
		B612F45712DD5DF1005D1B77 /* Apple80.mm */ = {isa = PBXFileReference; fileEncoding = 4; lastKnownFileType = sourcecode.cpp.objcpp; path = Apple80.mm; sourceTree = "<group>"; };
		B612F45812DD5DF1005D1B77 /* Emulator.h */ = {isa = PBXFileReference; fileEncoding = 4; lastKnownFileType = sourcecode.c.h; path = Emulator.h; sourceTree = "<group>"; };
		B612F45912DD5DF1005D1B77 /* EmulatorManager.mm */ = {isa = PBXFileReference; fileEncoding = 4; lastKnownFileType = sourcecode.cpp.objcpp; path = EmulatorManager.mm; sourceTree = "<group>"; };
		B612F45A12DD5DF1005D1B77 /* GNOConsole.h */ = {isa = PBXFileReference; fileEncoding = 4; lastKnownFileType = sourcecode.c.h; path = GNOConsole.h; sourceTree = "<group>"; };
		B612F45B12DD5DF1005D1B77 /* GNOConsole.mm */ = {isa = PBXFileReference; fileEncoding = 4; lastKnownFileType = sourcecode.cpp.objcpp; path = GNOConsole.mm; sourceTree = "<group>"; };
		B612F45C12DD5DF1005D1B77 /* PTSE.h */ = {isa = PBXFileReference; fileEncoding = 4; lastKnownFileType = sourcecode.c.h; path = PTSE.h; sourceTree = "<group>"; };
		B612F45D12DD5DF1005D1B77 /* PTSE.mm */ = {isa = PBXFileReference; fileEncoding = 4; lastKnownFileType = sourcecode.cpp.objcpp; path = PTSE.mm; sourceTree = "<group>"; };
		B612F45E12DD5DF1005D1B77 /* VT05.h */ = {isa = PBXFileReference; fileEncoding = 4; lastKnownFileType = sourcecode.c.h; path = VT05.h; sourceTree = "<group>"; };
		B612F45F12DD5DF1005D1B77 /* VT05.mm */ = {isa = PBXFileReference; fileEncoding = 4; lastKnownFileType = sourcecode.cpp.objcpp; path = VT05.mm; sourceTree = "<group>"; };
		B612F46012DD5DF1005D1B77 /* VT100.h */ = {isa = PBXFileReference; fileEncoding = 4; lastKnownFileType = sourcecode.c.h; path = VT100.h; sourceTree = "<group>"; };
		B612F46112DD5DF1005D1B77 /* VT100.mm */ = {isa = PBXFileReference; fileEncoding = 4; lastKnownFileType = sourcecode.cpp.objcpp; path = VT100.mm; sourceTree = "<group>"; };
		B612F46212DD5DF1005D1B77 /* VT52.h */ = {isa = PBXFileReference; fileEncoding = 4; lastKnownFileType = sourcecode.c.h; path = VT52.h; sourceTree = "<group>"; };
		B612F46312DD5DF1005D1B77 /* VT52.mm */ = {isa = PBXFileReference; fileEncoding = 4; lastKnownFileType = sourcecode.cpp.objcpp; path = VT52.mm; sourceTree = "<group>"; };
		B612F46C12DD5E02005D1B77 /* CurveView.h */ = {isa = PBXFileReference; fileEncoding = 4; lastKnownFileType = sourcecode.c.h; path = CurveView.h; sourceTree = "<group>"; };
		B612F46D12DD5E02005D1B77 /* CurveView.m */ = {isa = PBXFileReference; fileEncoding = 4; lastKnownFileType = sourcecode.c.objc; path = CurveView.m; sourceTree = "<group>"; };
		B612F46E12DD5E02005D1B77 /* EmulatorView.h */ = {isa = PBXFileReference; fileEncoding = 4; lastKnownFileType = sourcecode.c.h; path = EmulatorView.h; sourceTree = "<group>"; };
		B612F46F12DD5E02005D1B77 /* EmulatorView.mm */ = {isa = PBXFileReference; fileEncoding = 4; lastKnownFileType = sourcecode.cpp.objcpp; path = EmulatorView.mm; sourceTree = "<group>"; };
		B612F47212DDEBA9005D1B77 /* Screen_obsolete.cpp */ = {isa = PBXFileReference; fileEncoding = 4; lastKnownFileType = sourcecode.cpp.cpp; path = Screen_obsolete.cpp; sourceTree = "<group>"; };
		B612F47312DDEBA9005D1B77 /* Screen_TextPort.cpp */ = {isa = PBXFileReference; fileEncoding = 4; lastKnownFileType = sourcecode.cpp.cpp; path = Screen_TextPort.cpp; sourceTree = "<group>"; };
		B61D0D5E125B7ACA001C713B /* NewTerminalWindowController.h */ = {isa = PBXFileReference; fileEncoding = 4; lastKnownFileType = sourcecode.c.h; path = NewTerminalWindowController.h; sourceTree = "<group>"; };
		B61D0D5F125B7ACA001C713B /* NewTerminalWindowController.mm */ = {isa = PBXFileReference; fileEncoding = 4; lastKnownFileType = sourcecode.cpp.objcpp; path = NewTerminalWindowController.mm; sourceTree = "<group>"; };
		B61D0D67125B8E06001C713B /* Defaults.h */ = {isa = PBXFileReference; fileEncoding = 4; lastKnownFileType = sourcecode.c.h; path = Defaults.h; sourceTree = "<group>"; };
		B61D0D68125B8E06001C713B /* Defaults.m */ = {isa = PBXFileReference; fileEncoding = 4; lastKnownFileType = sourcecode.c.objc; path = Defaults.m; sourceTree = "<group>"; };
		B61EF7C31481561E008C1891 /* titlebar-corner.png */ = {isa = PBXFileReference; lastKnownFileType = image.png; path = "titlebar-corner.png"; sourceTree = "<group>"; };
		B61EF7C41481561E008C1891 /* titlebar-middle.png */ = {isa = PBXFileReference; lastKnownFileType = image.png; path = "titlebar-middle.png"; sourceTree = "<group>"; };
		B61EF7C814815AF8008C1891 /* English */ = {isa = PBXFileReference; lastKnownFileType = file.xib; name = English; path = English.lproj/NewTerminal.xib; sourceTree = "<group>"; };
		B61EF7CA14815E07008C1891 /* TitleBarView.h */ = {isa = PBXFileReference; fileEncoding = 4; lastKnownFileType = sourcecode.c.h; path = TitleBarView.h; sourceTree = "<group>"; };
		B61EF7CB14815E07008C1891 /* TitleBarView.m */ = {isa = PBXFileReference; fileEncoding = 4; lastKnownFileType = sourcecode.c.objc; path = TitleBarView.m; sourceTree = "<group>"; };
		B61EF7CE148163E7008C1891 /* English */ = {isa = PBXFileReference; lastKnownFileType = file.xib; name = English; path = English.lproj/TitleBarView.xib; sourceTree = "<group>"; };
		B61EF7D41482FB6D008C1891 /* titlebar-center.png */ = {isa = PBXFileReference; lastKnownFileType = image.png; path = "titlebar-center.png"; sourceTree = "<group>"; };
		B61EF7D51482FB6D008C1891 /* titlebar-left.png */ = {isa = PBXFileReference; lastKnownFileType = image.png; path = "titlebar-left.png"; sourceTree = "<group>"; };
		B61EF7D61482FB6D008C1891 /* titlebar-right.png */ = {isa = PBXFileReference; lastKnownFileType = image.png; path = "titlebar-right.png"; sourceTree = "<group>"; };
		B638188014A179D60027D007 /* ColorView.h */ = {isa = PBXFileReference; fileEncoding = 4; lastKnownFileType = sourcecode.c.h; path = ColorView.h; sourceTree = "<group>"; };
		B638188114A179D60027D007 /* ColorView.m */ = {isa = PBXFileReference; fileEncoding = 4; lastKnownFileType = sourcecode.c.objc; path = ColorView.m; sourceTree = "<group>"; };
		B66412371480A070003BC8D3 /* EmulatorWindow.h */ = {isa = PBXFileReference; fileEncoding = 4; lastKnownFileType = sourcecode.c.h; path = EmulatorWindow.h; sourceTree = "<group>"; };
		B66412381480A070003BC8D3 /* EmulatorWindow.m */ = {isa = PBXFileReference; fileEncoding = 4; lastKnownFileType = sourcecode.c.objc; path = EmulatorWindow.m; sourceTree = "<group>"; };
		B676063911DEAD3500D6B66C /* TermWindowController.h */ = {isa = PBXFileReference; fileEncoding = 4; lastKnownFileType = sourcecode.c.h; path = TermWindowController.h; sourceTree = "<group>"; };
		B676063A11DEAD3500D6B66C /* TermWindowController.mm */ = {isa = PBXFileReference; fileEncoding = 4; lastKnownFileType = sourcecode.cpp.objcpp; path = TermWindowController.mm; sourceTree = "<group>"; };
		B676064D11DEBAE300D6B66C /* English */ = {isa = PBXFileReference; lastKnownFileType = file.xib; name = English; path = English.lproj/TermWindow.xib; sourceTree = "<group>"; };
		B67B3CE312B6FA040033AE07 /* a2-charset-40.png */ = {isa = PBXFileReference; lastKnownFileType = image.png; path = "a2-charset-40.png"; sourceTree = "<group>"; };
		B67B3CE412B6FA040033AE07 /* a2-charset-80.png */ = {isa = PBXFileReference; lastKnownFileType = image.png; path = "a2-charset-80.png"; sourceTree = "<group>"; };
		B6801BD812EB549300B22E9E /* vt100-charset.png */ = {isa = PBXFileReference; lastKnownFileType = image.png; path = "vt100-charset.png"; sourceTree = "<group>"; };
		B68E632812FF909C00EAFF5F /* ExampleView.h */ = {isa = PBXFileReference; fileEncoding = 4; lastKnownFileType = sourcecode.c.h; path = ExampleView.h; sourceTree = "<group>"; };
		B68E632912FF909C00EAFF5F /* ExampleView.m */ = {isa = PBXFileReference; fileEncoding = 4; lastKnownFileType = sourcecode.c.objc; path = ExampleView.m; sourceTree = "<group>"; };
		B6C173901D31D2B80024E360 /* GSOSConsole.h */ = {isa = PBXFileReference; fileEncoding = 4; lastKnownFileType = sourcecode.c.h; path = GSOSConsole.h; sourceTree = "<group>"; };
		B6C173911D31D2B80024E360 /* GSOSConsole.mm.ragel */ = {isa = PBXFileReference; fileEncoding = 4; lastKnownFileType = text; path = GSOSConsole.mm.ragel; sourceTree = "<group>"; };
		B6C173941D35546A0024E360 /* algorithm.h */ = {isa = PBXFileReference; lastKnownFileType = sourcecode.c.h; path = algorithm.h; sourceTree = "<group>"; };
		B6C704EC15CCC64100CC0401 /* titlebar-center@2x.png */ = {isa = PBXFileReference; lastKnownFileType = image.png; path = "titlebar-center@2x.png"; sourceTree = "<group>"; };
		B6C704ED15CCC64100CC0401 /* titlebar-left@2x.png */ = {isa = PBXFileReference; lastKnownFileType = image.png; path = "titlebar-left@2x.png"; sourceTree = "<group>"; };
		B6C704EE15CCC64100CC0401 /* titlebar-right@2x.png */ = {isa = PBXFileReference; lastKnownFileType = image.png; path = "titlebar-right@2x.png"; sourceTree = "<group>"; };
		B6D5A0831E3996BD004FC1AC /* ring_buffer.h */ = {isa = PBXFileReference; lastKnownFileType = sourcecode.c.h; path = ring_buffer.h; sourceTree = "<group>"; };
		B6EBE2B311E0EA9100EA0458 /* CharacterGenerator.h */ = {isa = PBXFileReference; fileEncoding = 4; lastKnownFileType = sourcecode.c.h; path = CharacterGenerator.h; sourceTree = "<group>"; };
		B6EBE2B411E0EA9100EA0458 /* CharacterGenerator.mm */ = {isa = PBXFileReference; fileEncoding = 4; lastKnownFileType = sourcecode.cpp.objcpp; path = CharacterGenerator.mm; sourceTree = "<group>"; };
		B6ECFF251D2EEA2B00871A81 /* TextLabel.h */ = {isa = PBXFileReference; fileEncoding = 4; lastKnownFileType = sourcecode.c.h; path = TextLabel.h; sourceTree = "<group>"; };
		B6ECFF261D2EEA2B00871A81 /* TextLabel.m */ = {isa = PBXFileReference; fileEncoding = 4; lastKnownFileType = sourcecode.c.objc; path = TextLabel.m; sourceTree = "<group>"; };
/* End PBXFileReference section */

/* Begin PBXFrameworksBuildPhase section */
		8D11072E0486CEB800E47090 /* Frameworks */ = {
			isa = PBXFrameworksBuildPhase;
			buildActionMask = 2147483647;
			files = (
				8D11072F0486CEB800E47090 /* Cocoa.framework in Frameworks */,
				B60EBD1211E8DEEF00C1974F /* QuartzCore.framework in Frameworks */,
			);
			runOnlyForDeploymentPostprocessing = 0;
		};
/* End PBXFrameworksBuildPhase section */

/* Begin PBXGroup section */
		080E96DDFE201D6D7F000001 /* Classes */ = {
			isa = PBXGroup;
			children = (
				B61D0D5E125B7ACA001C713B /* NewTerminalWindowController.h */,
				B61D0D5F125B7ACA001C713B /* NewTerminalWindowController.mm */,
				256AC3D80F4B6AC300CF3369 /* TwoTermAppDelegate.h */,
				256AC3D90F4B6AC300CF3369 /* TwoTermAppDelegate.mm */,
				B676063911DEAD3500D6B66C /* TermWindowController.h */,
				B676063A11DEAD3500D6B66C /* TermWindowController.mm */,
				B6EBE2B311E0EA9100EA0458 /* CharacterGenerator.h */,
				B6EBE2B411E0EA9100EA0458 /* CharacterGenerator.mm */,
				B60EBDE111E90FC300C1974F /* ScanLineFilter.h */,
				B60EBDE211E90FC300C1974F /* ScanLineFilter.m */,
			);
			name = Classes;
			sourceTree = "<group>";
		};
		1058C7A0FEA54F0111CA2CBB /* Linked Frameworks */ = {
			isa = PBXGroup;
			children = (
				B60EBD1111E8DEEF00C1974F /* QuartzCore.framework */,
				1058C7A1FEA54F0111CA2CBB /* Cocoa.framework */,
			);
			name = "Linked Frameworks";
			sourceTree = "<group>";
		};
		1058C7A2FEA54F0111CA2CBB /* Other Frameworks */ = {
			isa = PBXGroup;
			children = (
				29B97324FDCFA39411CA2CEA /* AppKit.framework */,
				13E42FB307B3F0F600E4EEF1 /* CoreData.framework */,
				29B97325FDCFA39411CA2CEA /* Foundation.framework */,
			);
			name = "Other Frameworks";
			sourceTree = "<group>";
		};
		19C28FACFE9D520D11CA2CBB /* Products */ = {
			isa = PBXGroup;
			children = (
				8D1107320486CEB800E47090 /* TwoTerm.app */,
			);
			name = Products;
			sourceTree = "<group>";
		};
		29B97314FDCFA39411CA2CEA /* 2Term */ = {
			isa = PBXGroup;
			children = (
				B612F46B12DD5E02005D1B77 /* Views */,
				B612F45512DD5DF1005D1B77 /* Emulators */,
				B612F44612DD5DAD005D1B77 /* cpp */,
				080E96DDFE201D6D7F000001 /* Classes */,
				29B97315FDCFA39411CA2CEA /* Other Sources */,
				29B97317FDCFA39411CA2CEA /* Resources */,
				29B97323FDCFA39411CA2CEA /* Frameworks */,
				19C28FACFE9D520D11CA2CBB /* Products */,
			);
			name = 2Term;
			sourceTree = "<group>";
		};
		29B97315FDCFA39411CA2CEA /* Other Sources */ = {
			isa = PBXGroup;
			children = (
				B61D0D67125B8E06001C713B /* Defaults.h */,
				B61D0D68125B8E06001C713B /* Defaults.m */,
				256AC3F00F4B6AF500CF3369 /* TwoTerm_Prefix.pch */,
				29B97316FDCFA39411CA2CEA /* main.m */,
			);
			name = "Other Sources";
			sourceTree = "<group>";
		};
		29B97317FDCFA39411CA2CEA /* Resources */ = {
			isa = PBXGroup;
			children = (
				B60EBDE711E9143F00C1974F /* ScanLineFilter.cikernel */,
				B66979CE11E6BCAE002ED475 /* images */,
				8D1107310486CEB800E47090 /* Info.plist */,
				089C165CFE840E0CC02AAC07 /* InfoPlist.strings */,
				1DDD58140DA1D0A300B32029 /* MainMenu.xib */,
				B676065011DEBAE900D6B66C /* TermWindow.xib */,
				B61EF7C714815AF8008C1891 /* NewTerminal.xib */,
				B61EF7CD148163E7008C1891 /* TitleBarView.xib */,
			);
			name = Resources;
			sourceTree = "<group>";
		};
		29B97323FDCFA39411CA2CEA /* Frameworks */ = {
			isa = PBXGroup;
			children = (
				1058C7A0FEA54F0111CA2CBB /* Linked Frameworks */,
				1058C7A2FEA54F0111CA2CBB /* Other Frameworks */,
			);
			name = Frameworks;
			sourceTree = "<group>";
		};
		B612F44612DD5DAD005D1B77 /* cpp */ = {
			isa = PBXGroup;
			children = (
				B612F44712DD5DAD005D1B77 /* iGeometry.cpp */,
				B6D5A0831E3996BD004FC1AC /* ring_buffer.h */,
				B6C173941D35546A0024E360 /* algorithm.h */,
				B612F44812DD5DAD005D1B77 /* iGeometry.h */,
				B612F44912DD5DAD005D1B77 /* Lock.cpp */,
				B612F44A12DD5DAD005D1B77 /* Lock.h */,
				B612F44B12DD5DAD005D1B77 /* OutputChannel.cpp */,
				B612F44C12DD5DAD005D1B77 /* OutputChannel.h */,
				B612F44D12DD5DAD005D1B77 /* Screen.cpp */,
				B612F44E12DD5DAD005D1B77 /* Screen.h */,
				B612F47212DDEBA9005D1B77 /* Screen_obsolete.cpp */,
				B612F47312DDEBA9005D1B77 /* Screen_TextPort.cpp */,
			);
			path = cpp;
			sourceTree = "<group>";
		};
		B612F45512DD5DF1005D1B77 /* Emulators */ = {
			isa = PBXGroup;
			children = (
				B612F45612DD5DF1005D1B77 /* Apple80.h */,
				B612F45712DD5DF1005D1B77 /* Apple80.mm */,
				B612F45812DD5DF1005D1B77 /* Emulator.h */,
				B612F45912DD5DF1005D1B77 /* EmulatorManager.mm */,
				B612F45A12DD5DF1005D1B77 /* GNOConsole.h */,
				B612F45B12DD5DF1005D1B77 /* GNOConsole.mm */,
				B6C173901D31D2B80024E360 /* GSOSConsole.h */,
				B6C173911D31D2B80024E360 /* GSOSConsole.mm.ragel */,
				B612F45C12DD5DF1005D1B77 /* PTSE.h */,
				B612F45D12DD5DF1005D1B77 /* PTSE.mm */,
				B612F45E12DD5DF1005D1B77 /* VT05.h */,
				B612F45F12DD5DF1005D1B77 /* VT05.mm */,
				B612F46012DD5DF1005D1B77 /* VT100.h */,
				B612F46112DD5DF1005D1B77 /* VT100.mm */,
				B612F46212DD5DF1005D1B77 /* VT52.h */,
				B612F46312DD5DF1005D1B77 /* VT52.mm */,
			);
			path = Emulators;
			sourceTree = "<group>";
		};
		B612F46B12DD5E02005D1B77 /* Views */ = {
			isa = PBXGroup;
			children = (
				B66412371480A070003BC8D3 /* EmulatorWindow.h */,
				B66412381480A070003BC8D3 /* EmulatorWindow.m */,
				B68E632812FF909C00EAFF5F /* ExampleView.h */,
				B68E632912FF909C00EAFF5F /* ExampleView.m */,
				B612F46C12DD5E02005D1B77 /* CurveView.h */,
				B612F46D12DD5E02005D1B77 /* CurveView.m */,
				B612F46E12DD5E02005D1B77 /* EmulatorView.h */,
				B612F46F12DD5E02005D1B77 /* EmulatorView.mm */,
				B612870C1480B4F6002E04DF /* TermContentView.h */,
				B612870D1480B4F6002E04DF /* TermContentView.m */,
				B61EF7CA14815E07008C1891 /* TitleBarView.h */,
				B61EF7CB14815E07008C1891 /* TitleBarView.m */,
				B6ECFF251D2EEA2B00871A81 /* TextLabel.h */,
				B6ECFF261D2EEA2B00871A81 /* TextLabel.m */,
				B638188014A179D60027D007 /* ColorView.h */,
				B638188114A179D60027D007 /* ColorView.m */,
			);
			path = Views;
			sourceTree = "<group>";
		};
		B66979CE11E6BCAE002ED475 /* images */ = {
			isa = PBXGroup;
			children = (
				B61EF7D41482FB6D008C1891 /* titlebar-center.png */,
				B61EF7D51482FB6D008C1891 /* titlebar-left.png */,
				B61EF7D61482FB6D008C1891 /* titlebar-right.png */,
				B6C704EC15CCC64100CC0401 /* titlebar-center@2x.png */,
				B6C704ED15CCC64100CC0401 /* titlebar-left@2x.png */,
				B6C704EE15CCC64100CC0401 /* titlebar-right@2x.png */,
				B61EF7C31481561E008C1891 /* titlebar-corner.png */,
				B61EF7C41481561E008C1891 /* titlebar-middle.png */,
				B6801BD812EB549300B22E9E /* vt100-charset.png */,
				B67B3CE312B6FA040033AE07 /* a2-charset-40.png */,
				B67B3CE412B6FA040033AE07 /* a2-charset-80.png */,
			);
			path = images;
			sourceTree = "<group>";
		};
/* End PBXGroup section */

/* Begin PBXNativeTarget section */
		8D1107260486CEB800E47090 /* 2Term */ = {
			isa = PBXNativeTarget;
			buildConfigurationList = C01FCF4A08A954540054247B /* Build configuration list for PBXNativeTarget "2Term" */;
			buildPhases = (
				8D1107290486CEB800E47090 /* Resources */,
				8D11072C0486CEB800E47090 /* Sources */,
				8D11072E0486CEB800E47090 /* Frameworks */,
				B61D0D57125B728D001C713B /* CopyFiles */,
			);
			buildRules = (
				B6C173931D32A8840024E360 /* PBXBuildRule */,
				B60EBE2311E9182E00C1974F /* PBXBuildRule */,
			);
			dependencies = (
			);
			name = 2Term;
			productInstallPath = "$(HOME)/Applications";
			productName = 2Term;
			productReference = 8D1107320486CEB800E47090 /* TwoTerm.app */;
			productType = "com.apple.product-type.application";
		};
/* End PBXNativeTarget section */

/* Begin PBXProject section */
		29B97313FDCFA39411CA2CEA /* Project object */ = {
			isa = PBXProject;
			attributes = {
				LastUpgradeCheck = 0800;
			};
			buildConfigurationList = C01FCF4E08A954540054247B /* Build configuration list for PBXProject "2Term" */;
			compatibilityVersion = "Xcode 3.2";
			developmentRegion = English;
			hasScannedForEncodings = 1;
			knownRegions = (
				en,
				English,
			);
			mainGroup = 29B97314FDCFA39411CA2CEA /* 2Term */;
			projectDirPath = "";
			projectRoot = "";
			targets = (
				8D1107260486CEB800E47090 /* 2Term */,
			);
		};
/* End PBXProject section */

/* Begin PBXResourcesBuildPhase section */
		8D1107290486CEB800E47090 /* Resources */ = {
			isa = PBXResourcesBuildPhase;
			buildActionMask = 2147483647;
			files = (
				B60EBE2B11E918D500C1974F /* ScanLineFilter.cikernel in Resources */,
				8D11072B0486CEB800E47090 /* InfoPlist.strings in Resources */,
				1DDD58160DA1D0A300B32029 /* MainMenu.xib in Resources */,
				B676065111DEBAE900D6B66C /* TermWindow.xib in Resources */,
				B67B3CE512B6FA040033AE07 /* a2-charset-40.png in Resources */,
				B67B3CE612B6FA040033AE07 /* a2-charset-80.png in Resources */,
				B6801BD912EB549300B22E9E /* vt100-charset.png in Resources */,
				B61EF7C51481561E008C1891 /* titlebar-corner.png in Resources */,
				B61EF7C61481561E008C1891 /* titlebar-middle.png in Resources */,
				B61EF7C914815AF8008C1891 /* NewTerminal.xib in Resources */,
				B61EF7CF148163E7008C1891 /* TitleBarView.xib in Resources */,
				B61EF7D71482FB6D008C1891 /* titlebar-center.png in Resources */,
				B61EF7D81482FB6D008C1891 /* titlebar-left.png in Resources */,
				B61EF7D91482FB6D008C1891 /* titlebar-right.png in Resources */,
				B6C704EF15CCC64100CC0401 /* titlebar-center@2x.png in Resources */,
				B6C704F015CCC64100CC0401 /* titlebar-left@2x.png in Resources */,
				B6C704F115CCC64100CC0401 /* titlebar-right@2x.png in Resources */,
			);
			runOnlyForDeploymentPostprocessing = 0;
		};
/* End PBXResourcesBuildPhase section */

/* Begin PBXSourcesBuildPhase section */
		8D11072C0486CEB800E47090 /* Sources */ = {
			isa = PBXSourcesBuildPhase;
			buildActionMask = 2147483647;
			files = (
				B6C173921D31D2B80024E360 /* GSOSConsole.mm.ragel in Sources */,
				8D11072D0486CEB800E47090 /* main.m in Sources */,
				256AC3DA0F4B6AC300CF3369 /* TwoTermAppDelegate.mm in Sources */,
				B676063B11DEAD3500D6B66C /* TermWindowController.mm in Sources */,
				B6EBE2B511E0EA9100EA0458 /* CharacterGenerator.mm in Sources */,
				B60EBDE311E90FC300C1974F /* ScanLineFilter.m in Sources */,
				B61D0D60125B7ACA001C713B /* NewTerminalWindowController.mm in Sources */,
				B61D0D69125B8E06001C713B /* Defaults.m in Sources */,
				B6ECFF271D2EEA2B00871A81 /* TextLabel.m in Sources */,
				B612F45012DD5DAD005D1B77 /* iGeometry.cpp in Sources */,
				B612F45112DD5DAD005D1B77 /* Lock.cpp in Sources */,
				B612F45212DD5DAD005D1B77 /* OutputChannel.cpp in Sources */,
				B612F45312DD5DAD005D1B77 /* Screen.cpp in Sources */,
				B612F46412DD5DF1005D1B77 /* Apple80.mm in Sources */,
				B612F46512DD5DF1005D1B77 /* EmulatorManager.mm in Sources */,
				B612F46612DD5DF1005D1B77 /* GNOConsole.mm in Sources */,
				B612F46712DD5DF1005D1B77 /* PTSE.mm in Sources */,
				B612F46812DD5DF1005D1B77 /* VT05.mm in Sources */,
				B612F46912DD5DF1005D1B77 /* VT100.mm in Sources */,
				B612F46A12DD5DF1005D1B77 /* VT52.mm in Sources */,
				B612F47012DD5E02005D1B77 /* CurveView.m in Sources */,
				B612F47112DD5E02005D1B77 /* EmulatorView.mm in Sources */,
				B612F47412DDEBA9005D1B77 /* Screen_obsolete.cpp in Sources */,
				B612F47512DDEBA9005D1B77 /* Screen_TextPort.cpp in Sources */,
				B68E632A12FF909D00EAFF5F /* ExampleView.m in Sources */,
				B66412391480A070003BC8D3 /* EmulatorWindow.m in Sources */,
				B612870E1480B4F6002E04DF /* TermContentView.m in Sources */,
				B61EF7CC14815E07008C1891 /* TitleBarView.m in Sources */,
				B638188214A179D60027D007 /* ColorView.m in Sources */,
			);
			runOnlyForDeploymentPostprocessing = 0;
		};
/* End PBXSourcesBuildPhase section */

/* Begin PBXVariantGroup section */
		089C165CFE840E0CC02AAC07 /* InfoPlist.strings */ = {
			isa = PBXVariantGroup;
			children = (
				089C165DFE840E0CC02AAC07 /* English */,
			);
			name = InfoPlist.strings;
			sourceTree = "<group>";
		};
		1DDD58140DA1D0A300B32029 /* MainMenu.xib */ = {
			isa = PBXVariantGroup;
			children = (
				1DDD58150DA1D0A300B32029 /* English */,
			);
			name = MainMenu.xib;
			sourceTree = "<group>";
		};
		B61EF7C714815AF8008C1891 /* NewTerminal.xib */ = {
			isa = PBXVariantGroup;
			children = (
				B61EF7C814815AF8008C1891 /* English */,
			);
			name = NewTerminal.xib;
			sourceTree = "<group>";
		};
		B61EF7CD148163E7008C1891 /* TitleBarView.xib */ = {
			isa = PBXVariantGroup;
			children = (
				B61EF7CE148163E7008C1891 /* English */,
			);
			name = TitleBarView.xib;
			sourceTree = "<group>";
		};
		B676065011DEBAE900D6B66C /* TermWindow.xib */ = {
			isa = PBXVariantGroup;
			children = (
				B676064D11DEBAE300D6B66C /* English */,
			);
			name = TermWindow.xib;
			sourceTree = "<group>";
		};
/* End PBXVariantGroup section */

/* Begin XCBuildConfiguration section */
		C01FCF4B08A954540054247B /* Debug */ = {
			isa = XCBuildConfiguration;
			buildSettings = {
				ALWAYS_SEARCH_USER_PATHS = NO;
				COMBINE_HIDPI_IMAGES = YES;
				COPY_PHASE_STRIP = NO;
				GCC_DYNAMIC_NO_PIC = NO;
				GCC_MODEL_TUNING = G5;
				GCC_OPTIMIZATION_LEVEL = 0;
				GCC_PRECOMPILE_PREFIX_HEADER = YES;
				GCC_PREFIX_HEADER = TwoTerm_Prefix.pch;
				INFOPLIST_FILE = Info.plist;
				INSTALL_PATH = "$(HOME)/Applications";
				PRODUCT_BUNDLE_IDENTIFIER = "com.ksherlock.${PRODUCT_NAME:rfc1034identifier}";
				PRODUCT_NAME = TwoTerm;
			};
			name = Debug;
		};
		C01FCF4C08A954540054247B /* Release */ = {
			isa = XCBuildConfiguration;
			buildSettings = {
				ALWAYS_SEARCH_USER_PATHS = NO;
				COMBINE_HIDPI_IMAGES = YES;
				DEBUG_INFORMATION_FORMAT = "dwarf-with-dsym";
				GCC_MODEL_TUNING = G5;
				GCC_PRECOMPILE_PREFIX_HEADER = YES;
				GCC_PREFIX_HEADER = TwoTerm_Prefix.pch;
				INFOPLIST_FILE = Info.plist;
				INSTALL_PATH = "$(HOME)/Applications";
				PRODUCT_BUNDLE_IDENTIFIER = "com.ksherlock.${PRODUCT_NAME:rfc1034identifier}";
				PRODUCT_NAME = TwoTerm;
			};
			name = Release;
		};
		C01FCF4F08A954540054247B /* Debug */ = {
			isa = XCBuildConfiguration;
			buildSettings = {
				CLANG_ANALYZER_LOCALIZABILITY_NONLOCALIZED = YES;
				CLANG_CXX_LANGUAGE_STANDARD = "c++0x";
				CLANG_CXX_LIBRARY = "libc++";
				CLANG_WARN_BOOL_CONVERSION = YES;
				CLANG_WARN_CONSTANT_CONVERSION = YES;
				CLANG_WARN_EMPTY_BODY = YES;
				CLANG_WARN_ENUM_CONVERSION = YES;
				CLANG_WARN_INFINITE_RECURSION = YES;
				CLANG_WARN_INT_CONVERSION = YES;
				CLANG_WARN_SUSPICIOUS_MOVE = YES;
				CLANG_WARN_UNREACHABLE_CODE = YES;
				CLANG_WARN__DUPLICATE_METHOD_MATCH = YES;
				ENABLE_STRICT_OBJC_MSGSEND = YES;
				ENABLE_TESTABILITY = YES;
				GCC_C_LANGUAGE_STANDARD = gnu99;
				GCC_NO_COMMON_BLOCKS = YES;
				GCC_OPTIMIZATION_LEVEL = 0;
				GCC_VERSION = com.apple.compilers.llvm.clang.1_0;
				GCC_WARN_64_TO_32_BIT_CONVERSION = YES;
				GCC_WARN_ABOUT_RETURN_TYPE = YES;
				GCC_WARN_UNDECLARED_SELECTOR = YES;
				GCC_WARN_UNINITIALIZED_AUTOS = YES;
				GCC_WARN_UNUSED_FUNCTION = YES;
				GCC_WARN_UNUSED_VARIABLE = YES;
				MACOSX_DEPLOYMENT_TARGET = 10.10;
				ONLY_ACTIVE_ARCH = YES;
				SDKROOT = macosx;
			};
			name = Debug;
		};
		C01FCF5008A954540054247B /* Release */ = {
			isa = XCBuildConfiguration;
			buildSettings = {
				CLANG_ANALYZER_LOCALIZABILITY_NONLOCALIZED = YES;
				CLANG_CXX_LANGUAGE_STANDARD = "c++0x";
				CLANG_CXX_LIBRARY = "libc++";
				CLANG_WARN_BOOL_CONVERSION = YES;
				CLANG_WARN_CONSTANT_CONVERSION = YES;
				CLANG_WARN_EMPTY_BODY = YES;
				CLANG_WARN_ENUM_CONVERSION = YES;
				CLANG_WARN_INFINITE_RECURSION = YES;
				CLANG_WARN_INT_CONVERSION = YES;
				CLANG_WARN_SUSPICIOUS_MOVE = YES;
				CLANG_WARN_UNREACHABLE_CODE = YES;
				CLANG_WARN__DUPLICATE_METHOD_MATCH = YES;
				ENABLE_STRICT_OBJC_MSGSEND = YES;
				GCC_C_LANGUAGE_STANDARD = gnu99;
				GCC_NO_COMMON_BLOCKS = YES;
				GCC_VERSION = com.apple.compilers.llvm.clang.1_0;
				GCC_WARN_64_TO_32_BIT_CONVERSION = YES;
				GCC_WARN_ABOUT_RETURN_TYPE = YES;
				GCC_WARN_UNDECLARED_SELECTOR = YES;
				GCC_WARN_UNINITIALIZED_AUTOS = YES;
				GCC_WARN_UNUSED_FUNCTION = YES;
				GCC_WARN_UNUSED_VARIABLE = YES;
				MACOSX_DEPLOYMENT_TARGET = 10.10;
				ONLY_ACTIVE_ARCH = YES;
				SDKROOT = macosx;
			};
			name = Release;
		};
/* End XCBuildConfiguration section */

/* Begin XCConfigurationList section */
		C01FCF4A08A954540054247B /* Build configuration list for PBXNativeTarget "2Term" */ = {
			isa = XCConfigurationList;
			buildConfigurations = (
				C01FCF4B08A954540054247B /* Debug */,
				C01FCF4C08A954540054247B /* Release */,
			);
			defaultConfigurationIsVisible = 0;
			defaultConfigurationName = Release;
		};
		C01FCF4E08A954540054247B /* Build configuration list for PBXProject "2Term" */ = {
			isa = XCConfigurationList;
			buildConfigurations = (
				C01FCF4F08A954540054247B /* Debug */,
				C01FCF5008A954540054247B /* Release */,
			);
			defaultConfigurationIsVisible = 0;
			defaultConfigurationName = Release;
		};
/* End XCConfigurationList section */
	};
	rootObject = 29B97313FDCFA39411CA2CEA /* Project object */;
}
