// !$*UTF8*$!
{
	archiveVersion = 1;
	classes = {
	};
	objectVersion = 45;
	objects = {

/* Begin PBXBuildFile section */
		1DDD58160DA1D0A300B32029 /* MainMenu.xib in Resources */ = {isa = PBXBuildFile; fileRef = 1DDD58140DA1D0A300B32029 /* MainMenu.xib */; };
		256AC3DA0F4B6AC300CF3369 /* TwoTermAppDelegate.m in Sources */ = {isa = PBXBuildFile; fileRef = 256AC3D90F4B6AC300CF3369 /* TwoTermAppDelegate.m */; };
		8D11072B0486CEB800E47090 /* InfoPlist.strings in Resources */ = {isa = PBXBuildFile; fileRef = 089C165CFE840E0CC02AAC07 /* InfoPlist.strings */; };
		8D11072D0486CEB800E47090 /* main.m in Sources */ = {isa = PBXBuildFile; fileRef = 29B97316FDCFA39411CA2CEA /* main.m */; settings = {ATTRIBUTES = (); }; };
		8D11072F0486CEB800E47090 /* Cocoa.framework in Frameworks */ = {isa = PBXBuildFile; fileRef = 1058C7A1FEA54F0111CA2CBB /* Cocoa.framework */; };
		B602376211E94D9800C0B73E /* iGeometry.cpp in Sources */ = {isa = PBXBuildFile; fileRef = B602376111E94D9800C0B73E /* iGeometry.cpp */; };
		B60EBD1211E8DEEF00C1974F /* QuartzCore.framework in Frameworks */ = {isa = PBXBuildFile; fileRef = B60EBD1111E8DEEF00C1974F /* QuartzCore.framework */; };
		B60EBDE311E90FC300C1974F /* ScanLineFilter.m in Sources */ = {isa = PBXBuildFile; fileRef = B60EBDE211E90FC300C1974F /* ScanLineFilter.m */; };
		B60EBDE811E9143F00C1974F /* ScanLineFilter.cikernel in Sources */ = {isa = PBXBuildFile; fileRef = B60EBDE711E9143F00C1974F /* ScanLineFilter.cikernel */; };
		B60EBE2B11E918D500C1974F /* ScanLineFilter.cikernel in Resources */ = {isa = PBXBuildFile; fileRef = B60EBDE711E9143F00C1974F /* ScanLineFilter.cikernel */; };
		B669798511E6A786002ED475 /* Lock.cpp in Sources */ = {isa = PBXBuildFile; fileRef = B669798411E6A786002ED475 /* Lock.cpp */; };
		B6697A0F11E6BF95002ED475 /* CurveView.m in Sources */ = {isa = PBXBuildFile; fileRef = B6697A0E11E6BF95002ED475 /* CurveView.m */; };
		B6697A3D11E7CCA0002ED475 /* PTSE.mm in Sources */ = {isa = PBXBuildFile; fileRef = B6697A3C11E7CCA0002ED475 /* PTSE.mm */; };
		B676063B11DEAD3500D6B66C /* TermWindowController.m in Sources */ = {isa = PBXBuildFile; fileRef = B676063A11DEAD3500D6B66C /* TermWindowController.m */; };
		B676065111DEBAE900D6B66C /* TermWindow.xib in Resources */ = {isa = PBXBuildFile; fileRef = B676065011DEBAE900D6B66C /* TermWindow.xib */; };
		B67606DA11DF6DAB00D6B66C /* EmulatorView.mm in Sources */ = {isa = PBXBuildFile; fileRef = B67606D911DF6DAB00D6B66C /* EmulatorView.mm */; };
		B699A03011E528BC00F54CC8 /* Screen.cpp in Sources */ = {isa = PBXBuildFile; fileRef = B699A02F11E528BC00F54CC8 /* Screen.cpp */; };
		B699A05D11E54D4500F54CC8 /* OutputChannel.cpp in Sources */ = {isa = PBXBuildFile; fileRef = B699A05C11E54D4500F54CC8 /* OutputChannel.cpp */; };
		B699A09111E572A300F54CC8 /* VT52.mm in Sources */ = {isa = PBXBuildFile; fileRef = B699A09011E572A300F54CC8 /* VT52.mm */; };
		B6EBE2B511E0EA9100EA0458 /* CharacterGenerator.m in Sources */ = {isa = PBXBuildFile; fileRef = B6EBE2B411E0EA9100EA0458 /* CharacterGenerator.m */; };
		B6F444C811E41AC000C3A836 /* VT05.mm in Sources */ = {isa = PBXBuildFile; fileRef = B6F444C711E41AC000C3A836 /* VT05.mm */; };
/* End PBXBuildFile section */

/* Begin PBXBuildRule section */
		B60EBE2311E9182E00C1974F /* PBXBuildRule */ = {
			isa = PBXBuildRule;
			compilerSpec = "com.apple.build-tasks.copy-strings-file";
			fileType = sourcecode.glsl;
			isEditable = 1;
			outputFiles = (
			);
		};
/* End PBXBuildRule section */

/* Begin PBXFileReference section */
		089C165DFE840E0CC02AAC07 /* English */ = {isa = PBXFileReference; fileEncoding = 4; lastKnownFileType = text.plist.strings; name = English; path = English.lproj/InfoPlist.strings; sourceTree = "<group>"; };
		1058C7A1FEA54F0111CA2CBB /* Cocoa.framework */ = {isa = PBXFileReference; lastKnownFileType = wrapper.framework; name = Cocoa.framework; path = /System/Library/Frameworks/Cocoa.framework; sourceTree = "<absolute>"; };
		13E42FB307B3F0F600E4EEF1 /* CoreData.framework */ = {isa = PBXFileReference; lastKnownFileType = wrapper.framework; name = CoreData.framework; path = /System/Library/Frameworks/CoreData.framework; sourceTree = "<absolute>"; };
		1DDD58150DA1D0A300B32029 /* English */ = {isa = PBXFileReference; lastKnownFileType = file.xib; name = English; path = English.lproj/MainMenu.xib; sourceTree = "<group>"; };
		256AC3D80F4B6AC300CF3369 /* TwoTermAppDelegate.h */ = {isa = PBXFileReference; fileEncoding = 4; lastKnownFileType = sourcecode.c.h; path = TwoTermAppDelegate.h; sourceTree = "<group>"; };
		256AC3D90F4B6AC300CF3369 /* TwoTermAppDelegate.m */ = {isa = PBXFileReference; fileEncoding = 4; lastKnownFileType = sourcecode.c.objc; path = TwoTermAppDelegate.m; sourceTree = "<group>"; };
		256AC3F00F4B6AF500CF3369 /* TwoTerm_Prefix.pch */ = {isa = PBXFileReference; fileEncoding = 4; lastKnownFileType = sourcecode.c.h; path = TwoTerm_Prefix.pch; sourceTree = "<group>"; };
		29B97316FDCFA39411CA2CEA /* main.m */ = {isa = PBXFileReference; fileEncoding = 4; lastKnownFileType = sourcecode.c.objc; path = main.m; sourceTree = "<group>"; };
		29B97324FDCFA39411CA2CEA /* AppKit.framework */ = {isa = PBXFileReference; lastKnownFileType = wrapper.framework; name = AppKit.framework; path = /System/Library/Frameworks/AppKit.framework; sourceTree = "<absolute>"; };
		29B97325FDCFA39411CA2CEA /* Foundation.framework */ = {isa = PBXFileReference; lastKnownFileType = wrapper.framework; name = Foundation.framework; path = /System/Library/Frameworks/Foundation.framework; sourceTree = "<absolute>"; };
		8D1107310486CEB800E47090 /* TwoTerm-Info.plist */ = {isa = PBXFileReference; fileEncoding = 4; lastKnownFileType = text.plist.xml; path = "TwoTerm-Info.plist"; sourceTree = "<group>"; };
		8D1107320486CEB800E47090 /* 2Term.app */ = {isa = PBXFileReference; explicitFileType = wrapper.application; includeInIndex = 0; path = 2Term.app; sourceTree = BUILT_PRODUCTS_DIR; };
		B602376111E94D9800C0B73E /* iGeometry.cpp */ = {isa = PBXFileReference; fileEncoding = 4; lastKnownFileType = sourcecode.cpp.cpp; path = iGeometry.cpp; sourceTree = "<group>"; };
		B60EBD1111E8DEEF00C1974F /* QuartzCore.framework */ = {isa = PBXFileReference; lastKnownFileType = wrapper.framework; name = QuartzCore.framework; path = /System/Library/Frameworks/QuartzCore.framework; sourceTree = "<absolute>"; };
		B60EBDE111E90FC300C1974F /* ScanLineFilter.h */ = {isa = PBXFileReference; fileEncoding = 4; lastKnownFileType = sourcecode.c.h; path = ScanLineFilter.h; sourceTree = "<group>"; };
		B60EBDE211E90FC300C1974F /* ScanLineFilter.m */ = {isa = PBXFileReference; fileEncoding = 4; lastKnownFileType = sourcecode.c.objc; path = ScanLineFilter.m; sourceTree = "<group>"; };
		B60EBDE711E9143F00C1974F /* ScanLineFilter.cikernel */ = {isa = PBXFileReference; explicitFileType = sourcecode.glsl; fileEncoding = 4; path = ScanLineFilter.cikernel; sourceTree = "<group>"; };
		B669798311E6A786002ED475 /* Lock.h */ = {isa = PBXFileReference; fileEncoding = 4; lastKnownFileType = sourcecode.c.h; path = Lock.h; sourceTree = "<group>"; };
		B669798411E6A786002ED475 /* Lock.cpp */ = {isa = PBXFileReference; fileEncoding = 4; lastKnownFileType = sourcecode.cpp.cpp; path = Lock.cpp; sourceTree = "<group>"; };
		B6697A0D11E6BF95002ED475 /* CurveView.h */ = {isa = PBXFileReference; fileEncoding = 4; lastKnownFileType = sourcecode.c.h; path = CurveView.h; sourceTree = "<group>"; };
		B6697A0E11E6BF95002ED475 /* CurveView.m */ = {isa = PBXFileReference; fileEncoding = 4; lastKnownFileType = sourcecode.c.objc; path = CurveView.m; sourceTree = "<group>"; };
		B6697A3B11E7CCA0002ED475 /* PTSE.h */ = {isa = PBXFileReference; fileEncoding = 4; lastKnownFileType = sourcecode.c.h; path = PTSE.h; sourceTree = "<group>"; };
		B6697A3C11E7CCA0002ED475 /* PTSE.mm */ = {isa = PBXFileReference; fileEncoding = 4; lastKnownFileType = sourcecode.cpp.objcpp; path = PTSE.mm; sourceTree = "<group>"; };
		B676063911DEAD3500D6B66C /* TermWindowController.h */ = {isa = PBXFileReference; fileEncoding = 4; lastKnownFileType = sourcecode.c.h; path = TermWindowController.h; sourceTree = "<group>"; };
		B676063A11DEAD3500D6B66C /* TermWindowController.m */ = {isa = PBXFileReference; fileEncoding = 4; lastKnownFileType = sourcecode.c.objc; path = TermWindowController.m; sourceTree = "<group>"; };
		B676064D11DEBAE300D6B66C /* English */ = {isa = PBXFileReference; lastKnownFileType = file.xib; name = English; path = English.lproj/TermWindow.xib; sourceTree = "<group>"; };
		B67606D811DF6DAB00D6B66C /* EmulatorView.h */ = {isa = PBXFileReference; fileEncoding = 4; lastKnownFileType = sourcecode.c.h; path = EmulatorView.h; sourceTree = "<group>"; };
		B67606D911DF6DAB00D6B66C /* EmulatorView.mm */ = {isa = PBXFileReference; fileEncoding = 4; lastKnownFileType = sourcecode.cpp.objcpp; path = EmulatorView.mm; sourceTree = "<group>"; };
		B699A02E11E528BC00F54CC8 /* Screen.h */ = {isa = PBXFileReference; fileEncoding = 4; lastKnownFileType = sourcecode.c.h; path = Screen.h; sourceTree = "<group>"; };
		B699A02F11E528BC00F54CC8 /* Screen.cpp */ = {isa = PBXFileReference; fileEncoding = 4; lastKnownFileType = sourcecode.cpp.cpp; path = Screen.cpp; sourceTree = "<group>"; };
		B699A03211E528DE00F54CC8 /* iGeometry.h */ = {isa = PBXFileReference; fileEncoding = 4; lastKnownFileType = sourcecode.c.h; path = iGeometry.h; sourceTree = "<group>"; };
		B699A05B11E54D4500F54CC8 /* OutputChannel.h */ = {isa = PBXFileReference; fileEncoding = 4; lastKnownFileType = sourcecode.c.h; path = OutputChannel.h; sourceTree = "<group>"; };
		B699A05C11E54D4500F54CC8 /* OutputChannel.cpp */ = {isa = PBXFileReference; fileEncoding = 4; lastKnownFileType = sourcecode.cpp.cpp; path = OutputChannel.cpp; sourceTree = "<group>"; };
		B699A08B11E5720F00F54CC8 /* Emulator.h */ = {isa = PBXFileReference; fileEncoding = 4; lastKnownFileType = sourcecode.c.h; path = Emulator.h; sourceTree = "<group>"; };
		B699A08F11E572A300F54CC8 /* VT52.h */ = {isa = PBXFileReference; fileEncoding = 4; lastKnownFileType = sourcecode.c.h; path = VT52.h; sourceTree = "<group>"; };
		B699A09011E572A300F54CC8 /* VT52.mm */ = {isa = PBXFileReference; fileEncoding = 4; lastKnownFileType = sourcecode.cpp.objcpp; path = VT52.mm; sourceTree = "<group>"; };
		B6EBE2B311E0EA9100EA0458 /* CharacterGenerator.h */ = {isa = PBXFileReference; fileEncoding = 4; lastKnownFileType = sourcecode.c.h; path = CharacterGenerator.h; sourceTree = "<group>"; };
		B6EBE2B411E0EA9100EA0458 /* CharacterGenerator.m */ = {isa = PBXFileReference; fileEncoding = 4; lastKnownFileType = sourcecode.c.objc; path = CharacterGenerator.m; sourceTree = "<group>"; };
		B6F444C611E41AC000C3A836 /* VT05.h */ = {isa = PBXFileReference; fileEncoding = 4; lastKnownFileType = sourcecode.c.h; path = VT05.h; sourceTree = "<group>"; };
		B6F444C711E41AC000C3A836 /* VT05.mm */ = {isa = PBXFileReference; fileEncoding = 4; lastKnownFileType = sourcecode.cpp.objcpp; path = VT05.mm; sourceTree = "<group>"; };
/* End PBXFileReference section */

/* Begin PBXFrameworksBuildPhase section */
		8D11072E0486CEB800E47090 /* Frameworks */ = {
			isa = PBXFrameworksBuildPhase;
			buildActionMask = 2147483647;
			files = (
				8D11072F0486CEB800E47090 /* Cocoa.framework in Frameworks */,
				B60EBD1211E8DEEF00C1974F /* QuartzCore.framework in Frameworks */,
			);
			runOnlyForDeploymentPostprocessing = 0;
		};
/* End PBXFrameworksBuildPhase section */

/* Begin PBXGroup section */
		080E96DDFE201D6D7F000001 /* Classes */ = {
			isa = PBXGroup;
			children = (
				256AC3D80F4B6AC300CF3369 /* TwoTermAppDelegate.h */,
				256AC3D90F4B6AC300CF3369 /* TwoTermAppDelegate.m */,
				B676063911DEAD3500D6B66C /* TermWindowController.h */,
				B676063A11DEAD3500D6B66C /* TermWindowController.m */,
				B67606D811DF6DAB00D6B66C /* EmulatorView.h */,
				B67606D911DF6DAB00D6B66C /* EmulatorView.mm */,
				B6EBE2B311E0EA9100EA0458 /* CharacterGenerator.h */,
				B6EBE2B411E0EA9100EA0458 /* CharacterGenerator.m */,
				B699A03211E528DE00F54CC8 /* iGeometry.h */,
				B602376111E94D9800C0B73E /* iGeometry.cpp */,
				B6697A0D11E6BF95002ED475 /* CurveView.h */,
				B6697A0E11E6BF95002ED475 /* CurveView.m */,
				B60EBDE111E90FC300C1974F /* ScanLineFilter.h */,
				B60EBDE211E90FC300C1974F /* ScanLineFilter.m */,
			);
			name = Classes;
			sourceTree = "<group>";
		};
		1058C7A0FEA54F0111CA2CBB /* Linked Frameworks */ = {
			isa = PBXGroup;
			children = (
				B60EBD1111E8DEEF00C1974F /* QuartzCore.framework */,
				1058C7A1FEA54F0111CA2CBB /* Cocoa.framework */,
			);
			name = "Linked Frameworks";
			sourceTree = "<group>";
		};
		1058C7A2FEA54F0111CA2CBB /* Other Frameworks */ = {
			isa = PBXGroup;
			children = (
				29B97324FDCFA39411CA2CEA /* AppKit.framework */,
				13E42FB307B3F0F600E4EEF1 /* CoreData.framework */,
				29B97325FDCFA39411CA2CEA /* Foundation.framework */,
			);
			name = "Other Frameworks";
			sourceTree = "<group>";
		};
		19C28FACFE9D520D11CA2CBB /* Products */ = {
			isa = PBXGroup;
			children = (
				8D1107320486CEB800E47090 /* 2Term.app */,
			);
			name = Products;
			sourceTree = "<group>";
		};
		29B97314FDCFA39411CA2CEA /* 2Term */ = {
			isa = PBXGroup;
			children = (
				B6697A3911E7CC66002ED475 /* cpp */,
				B6697A3A11E7CC80002ED475 /* Emulators */,
				080E96DDFE201D6D7F000001 /* Classes */,
				29B97315FDCFA39411CA2CEA /* Other Sources */,
				29B97317FDCFA39411CA2CEA /* Resources */,
				29B97323FDCFA39411CA2CEA /* Frameworks */,
				19C28FACFE9D520D11CA2CBB /* Products */,
			);
			name = 2Term;
			sourceTree = "<group>";
		};
		29B97315FDCFA39411CA2CEA /* Other Sources */ = {
			isa = PBXGroup;
			children = (
				256AC3F00F4B6AF500CF3369 /* TwoTerm_Prefix.pch */,
				29B97316FDCFA39411CA2CEA /* main.m */,
			);
			name = "Other Sources";
			sourceTree = "<group>";
		};
		29B97317FDCFA39411CA2CEA /* Resources */ = {
			isa = PBXGroup;
			children = (
				B60EBDE711E9143F00C1974F /* ScanLineFilter.cikernel */,
				B66979CE11E6BCAE002ED475 /* images */,
				8D1107310486CEB800E47090 /* TwoTerm-Info.plist */,
				089C165CFE840E0CC02AAC07 /* InfoPlist.strings */,
				1DDD58140DA1D0A300B32029 /* MainMenu.xib */,
				B676065011DEBAE900D6B66C /* TermWindow.xib */,
			);
			name = Resources;
			sourceTree = "<group>";
		};
		29B97323FDCFA39411CA2CEA /* Frameworks */ = {
			isa = PBXGroup;
			children = (
				1058C7A0FEA54F0111CA2CBB /* Linked Frameworks */,
				1058C7A2FEA54F0111CA2CBB /* Other Frameworks */,
			);
			name = Frameworks;
			sourceTree = "<group>";
		};
		B66979CE11E6BCAE002ED475 /* images */ = {
			isa = PBXGroup;
			children = (
			);
			path = images;
			sourceTree = "<group>";
		};
		B6697A3911E7CC66002ED475 /* cpp */ = {
			isa = PBXGroup;
			children = (
				B669798311E6A786002ED475 /* Lock.h */,
				B669798411E6A786002ED475 /* Lock.cpp */,
				B699A02E11E528BC00F54CC8 /* Screen.h */,
				B699A02F11E528BC00F54CC8 /* Screen.cpp */,
				B699A05B11E54D4500F54CC8 /* OutputChannel.h */,
				B699A05C11E54D4500F54CC8 /* OutputChannel.cpp */,
			);
			name = cpp;
			sourceTree = "<group>";
		};
		B6697A3A11E7CC80002ED475 /* Emulators */ = {
			isa = PBXGroup;
			children = (
				B699A08B11E5720F00F54CC8 /* Emulator.h */,
				B6697A3B11E7CCA0002ED475 /* PTSE.h */,
				B6697A3C11E7CCA0002ED475 /* PTSE.mm */,
				B6F444C611E41AC000C3A836 /* VT05.h */,
				B6F444C711E41AC000C3A836 /* VT05.mm */,
				B699A08F11E572A300F54CC8 /* VT52.h */,
				B699A09011E572A300F54CC8 /* VT52.mm */,
			);
			name = Emulators;
			sourceTree = "<group>";
		};
/* End PBXGroup section */

/* Begin PBXNativeTarget section */
		8D1107260486CEB800E47090 /* 2Term */ = {
			isa = PBXNativeTarget;
			buildConfigurationList = C01FCF4A08A954540054247B /* Build configuration list for PBXNativeTarget "2Term" */;
			buildPhases = (
				8D1107290486CEB800E47090 /* Resources */,
				8D11072C0486CEB800E47090 /* Sources */,
				8D11072E0486CEB800E47090 /* Frameworks */,
			);
			buildRules = (
				B60EBE2311E9182E00C1974F /* PBXBuildRule */,
			);
			dependencies = (
			);
			name = 2Term;
			productInstallPath = "$(HOME)/Applications";
			productName = 2Term;
			productReference = 8D1107320486CEB800E47090 /* 2Term.app */;
			productType = "com.apple.product-type.application";
		};
/* End PBXNativeTarget section */

/* Begin PBXProject section */
		29B97313FDCFA39411CA2CEA /* Project object */ = {
			isa = PBXProject;
			buildConfigurationList = C01FCF4E08A954540054247B /* Build configuration list for PBXProject "2Term" */;
			compatibilityVersion = "Xcode 3.1";
			hasScannedForEncodings = 1;
			mainGroup = 29B97314FDCFA39411CA2CEA /* 2Term */;
			projectDirPath = "";
			projectRoot = "";
			targets = (
				8D1107260486CEB800E47090 /* 2Term */,
			);
		};
/* End PBXProject section */

/* Begin PBXResourcesBuildPhase section */
		8D1107290486CEB800E47090 /* Resources */ = {
			isa = PBXResourcesBuildPhase;
			buildActionMask = 2147483647;
			files = (
				B60EBE2B11E918D500C1974F /* ScanLineFilter.cikernel in Resources */,
				8D11072B0486CEB800E47090 /* InfoPlist.strings in Resources */,
				1DDD58160DA1D0A300B32029 /* MainMenu.xib in Resources */,
				B676065111DEBAE900D6B66C /* TermWindow.xib in Resources */,
			);
			runOnlyForDeploymentPostprocessing = 0;
		};
/* End PBXResourcesBuildPhase section */

/* Begin PBXSourcesBuildPhase section */
		8D11072C0486CEB800E47090 /* Sources */ = {
			isa = PBXSourcesBuildPhase;
			buildActionMask = 2147483647;
			files = (
				8D11072D0486CEB800E47090 /* main.m in Sources */,
				256AC3DA0F4B6AC300CF3369 /* TwoTermAppDelegate.m in Sources */,
				B676063B11DEAD3500D6B66C /* TermWindowController.m in Sources */,
				B67606DA11DF6DAB00D6B66C /* EmulatorView.mm in Sources */,
				B6EBE2B511E0EA9100EA0458 /* CharacterGenerator.m in Sources */,
				B6F444C811E41AC000C3A836 /* VT05.mm in Sources */,
				B699A03011E528BC00F54CC8 /* Screen.cpp in Sources */,
				B699A05D11E54D4500F54CC8 /* OutputChannel.cpp in Sources */,
				B699A09111E572A300F54CC8 /* VT52.mm in Sources */,
				B669798511E6A786002ED475 /* Lock.cpp in Sources */,
				B6697A0F11E6BF95002ED475 /* CurveView.m in Sources */,
				B6697A3D11E7CCA0002ED475 /* PTSE.mm in Sources */,
				B60EBDE311E90FC300C1974F /* ScanLineFilter.m in Sources */,
				B60EBDE811E9143F00C1974F /* ScanLineFilter.cikernel in Sources */,
				B602376211E94D9800C0B73E /* iGeometry.cpp in Sources */,
			);
			runOnlyForDeploymentPostprocessing = 0;
		};
/* End PBXSourcesBuildPhase section */

/* Begin PBXVariantGroup section */
		089C165CFE840E0CC02AAC07 /* InfoPlist.strings */ = {
			isa = PBXVariantGroup;
			children = (
				089C165DFE840E0CC02AAC07 /* English */,
			);
			name = InfoPlist.strings;
			sourceTree = "<group>";
		};
		1DDD58140DA1D0A300B32029 /* MainMenu.xib */ = {
			isa = PBXVariantGroup;
			children = (
				1DDD58150DA1D0A300B32029 /* English */,
			);
			name = MainMenu.xib;
			sourceTree = "<group>";
		};
		B676065011DEBAE900D6B66C /* TermWindow.xib */ = {
			isa = PBXVariantGroup;
			children = (
				B676064D11DEBAE300D6B66C /* English */,
			);
			name = TermWindow.xib;
			sourceTree = "<group>";
		};
/* End PBXVariantGroup section */

/* Begin XCBuildConfiguration section */
		C01FCF4B08A954540054247B /* Debug */ = {
			isa = XCBuildConfiguration;
			buildSettings = {
				ALWAYS_SEARCH_USER_PATHS = NO;
				COPY_PHASE_STRIP = NO;
				GCC_DYNAMIC_NO_PIC = NO;
				GCC_ENABLE_FIX_AND_CONTINUE = YES;
				GCC_MODEL_TUNING = G5;
				GCC_OPTIMIZATION_LEVEL = 0;
				GCC_PRECOMPILE_PREFIX_HEADER = YES;
				GCC_PREFIX_HEADER = TwoTerm_Prefix.pch;
				INFOPLIST_FILE = "TwoTerm-Info.plist";
				INSTALL_PATH = "$(HOME)/Applications";
				PRODUCT_NAME = 2Term;
			};
			name = Debug;
		};
		C01FCF4C08A954540054247B /* Release */ = {
			isa = XCBuildConfiguration;
			buildSettings = {
				ALWAYS_SEARCH_USER_PATHS = NO;
				DEBUG_INFORMATION_FORMAT = "dwarf-with-dsym";
				GCC_MODEL_TUNING = G5;
				GCC_PRECOMPILE_PREFIX_HEADER = YES;
				GCC_PREFIX_HEADER = _Term_Prefix.pch;
				INFOPLIST_FILE = "TwoTerm-Info.plist";
				INSTALL_PATH = "$(HOME)/Applications";
				PRODUCT_NAME = 2Term;
			};
			name = Release;
		};
		C01FCF4F08A954540054247B /* Debug */ = {
			isa = XCBuildConfiguration;
			buildSettings = {
				ARCHS = "$(ARCHS_STANDARD_32_64_BIT)";
				GCC_C_LANGUAGE_STANDARD = gnu99;
				GCC_OPTIMIZATION_LEVEL = 0;
				GCC_VERSION = com.apple.compilers.llvm.clang.1_0;
				GCC_WARN_ABOUT_RETURN_TYPE = YES;
				GCC_WARN_UNUSED_VARIABLE = YES;
				ONLY_ACTIVE_ARCH = YES;
				PREBINDING = NO;
				SDKROOT = macosx10.6;
			};
			name = Debug;
		};
		C01FCF5008A954540054247B /* Release */ = {
			isa = XCBuildConfiguration;
			buildSettings = {
				ARCHS = "$(ARCHS_STANDARD_32_64_BIT)";
				GCC_C_LANGUAGE_STANDARD = gnu99;
				GCC_WARN_ABOUT_RETURN_TYPE = YES;
				GCC_WARN_UNUSED_VARIABLE = YES;
				PREBINDING = NO;
				SDKROOT = macosx10.6;
			};
			name = Release;
		};
/* End XCBuildConfiguration section */

/* Begin XCConfigurationList section */
		C01FCF4A08A954540054247B /* Build configuration list for PBXNativeTarget "2Term" */ = {
			isa = XCConfigurationList;
			buildConfigurations = (
				C01FCF4B08A954540054247B /* Debug */,
				C01FCF4C08A954540054247B /* Release */,
			);
			defaultConfigurationIsVisible = 0;
			defaultConfigurationName = Release;
		};
		C01FCF4E08A954540054247B /* Build configuration list for PBXProject "2Term" */ = {
			isa = XCConfigurationList;
			buildConfigurations = (
				C01FCF4F08A954540054247B /* Debug */,
				C01FCF5008A954540054247B /* Release */,
			);
			defaultConfigurationIsVisible = 0;
			defaultConfigurationName = Release;
		};
/* End XCConfigurationList section */
	};
	rootObject = 29B97313FDCFA39411CA2CEA /* Project object */;
}
